
Microsoft Visual Studio Solution File, Format Version 12.00
# Visual Studio Version 16
VisualStudioVersion = 16.0.28803.352
MinimumVisualStudioVersion = 10.0.40219.1
Project("{9A19103F-16F7-4668-BE54-9A1E7A4F7556}") = "HappinessFunctionApp", "HappinessFunctionApp\HappinessFunctionApp.csproj", "{77ED85FC-9D3C-46A2-B14D-CF181A9CEE53}"
EndProject
Global
	GlobalSection(SolutionConfigurationPlatforms) = preSolution
		Debug|Any CPU = Debug|Any CPU
		Release|Any CPU = Release|Any CPU
	EndGlobalSection
	GlobalSection(ProjectConfigurationPlatforms) = postSolution
		{77ED85FC-9D3C-46A2-B14D-CF181A9CEE53}.Debug|Any CPU.ActiveCfg = Debug|Any CPU
		{77ED85FC-9D3C-46A2-B14D-CF181A9CEE53}.Debug|Any CPU.Build.0 = Debug|Any CPU
		{77ED85FC-9D3C-46A2-B14D-CF181A9CEE53}.Release|Any CPU.ActiveCfg = Release|Any CPU
		{77ED85FC-9D3C-46A2-B14D-CF181A9CEE53}.Release|Any CPU.Build.0 = Release|Any CPU
	EndGlobalSection
	GlobalSection(SolutionProperties) = preSolution
		HideSolutionNode = FALSE
	EndGlobalSection
	GlobalSection(ExtensibilityGlobals) = postSolution
		SolutionGuid = {06BF6228-C316-4E09-A913-AC8B51E7AD44}
	EndGlobalSection
EndGlobal
